
Microsoft Visual Studio Solution File, Format Version 12.00
# Visual Studio Version 16
VisualStudioVersion = 16.0.31702.278
MinimumVisualStudioVersion = 10.0.40219.1
Project("{FAE04EC0-301F-11D3-BF4B-00C04F79EFBC}") = "Personas", "Personas\Personas.csproj", "{9F40CB51-D67D-4CAF-A7D9-1BE0D237BB2D}"
EndProject
Global
	GlobalSection(SolutionConfigurationPlatforms) = preSolution
		Debug|Any CPU = Debug|Any CPU
		Release|Any CPU = Release|Any CPU
	EndGlobalSection
	GlobalSection(ProjectConfigurationPlatforms) = postSolution
		{9F40CB51-D67D-4CAF-A7D9-1BE0D237BB2D}.Debug|Any CPU.ActiveCfg = Debug|Any CPU
		{9F40CB51-D67D-4CAF-A7D9-1BE0D237BB2D}.Debug|Any CPU.Build.0 = Debug|Any CPU
		{9F40CB51-D67D-4CAF-A7D9-1BE0D237BB2D}.Release|Any CPU.ActiveCfg = Release|Any CPU
		{9F40CB51-D67D-4CAF-A7D9-1BE0D237BB2D}.Release|Any CPU.Build.0 = Release|Any CPU
	EndGlobalSection
	GlobalSection(SolutionProperties) = preSolution
		HideSolutionNode = FALSE
	EndGlobalSection
	GlobalSection(ExtensibilityGlobals) = postSolution
		SolutionGuid = {42A2D52D-6A3B-414B-96BC-B8835ACD8428}
	EndGlobalSection
EndGlobal
